golang.org/x/net v0.55.0 h1:bcvxaJn3e1U6InsFWt1JUq1aSjnRxLzT2rtD2KfkDF8=
golang.org/x/net v0.55.0/go.mod h1:L5U2KuzuOe1lY7Z+aWVIKK6qEeJXnXV9yzGA+WCHJww=
gopl.io v0.0.0-20200323155855-65c318dde95e h1:Z2obUjDpRealS0n+wq0nZ0tAyl+vY1txRLsZ/EY7XNM=
gopl.io v0.0.0-20200323155855-65c318dde95e/go.mod h1:k9MBtwj/WjioNgt7Buity/chxOPmJqkZ5bEaeT4JVm4=
